
Microsoft Visual Studio Solution File, Format Version 12.00
# Visual Studio Version 16
VisualStudioVersion = 16.0.29201.188
MinimumVisualStudioVersion = 10.0.40219.1
Project("{9A19103F-16F7-4668-BE54-9A1E7A4F7556}") = "tests", "tests\tests.csproj", "{A89678F5-CC58-444D-A23C-5C5FA233307F}"
EndProject
Project("{FAE04EC0-301F-11D3-BF4B-00C04F79EFBC}") = "WebApi", "WebApi\WebApi.csproj", "{A7F67881-63DD-4DD1-8BDD-C46B79E10552}"
EndProject
Global
	GlobalSection(SolutionConfigurationPlatforms) = preSolution
		Debug|Any CPU = Debug|Any CPU
		Release|Any CPU = Release|Any CPU
	EndGlobalSection
	GlobalSection(ProjectConfigurationPlatforms) = postSolution
		{A89678F5-CC58-444D-A23C-5C5FA233307F}.Debug|Any CPU.ActiveCfg = Debug|Any CPU
		{A89678F5-CC58-444D-A23C-5C5FA233307F}.Debug|Any CPU.Build.0 = Debug|Any CPU
		{A89678F5-CC58-444D-A23C-5C5FA233307F}.Release|Any CPU.ActiveCfg = Release|Any CPU
		{A89678F5-CC58-444D-A23C-5C5FA233307F}.Release|Any CPU.Build.0 = Release|Any CPU
		{A7F67881-63DD-4DD1-8BDD-C46B79E10552}.Debug|Any CPU.ActiveCfg = Debug|Any CPU
		{A7F67881-63DD-4DD1-8BDD-C46B79E10552}.Debug|Any CPU.Build.0 = Debug|Any CPU
		{A7F67881-63DD-4DD1-8BDD-C46B79E10552}.Release|Any CPU.ActiveCfg = Release|Any CPU
		{A7F67881-63DD-4DD1-8BDD-C46B79E10552}.Release|Any CPU.Build.0 = Release|Any CPU
	EndGlobalSection
	GlobalSection(SolutionProperties) = preSolution
		HideSolutionNode = FALSE
	EndGlobalSection
	GlobalSection(ExtensibilityGlobals) = postSolution
		SolutionGuid = {30FA4605-ACFC-484E-938D-1DBFF68B0A8F}
	EndGlobalSection
EndGlobal
